// !$*UTF8*$!
{
	archiveVersion = 1;
	classes = {
	};
	objectVersion = 46;
	objects = {

/* Begin PBXBuildFile section */
		1D3623260D0F684500981E51 /* EasyTableAppDelegate.m in Sources */ = {isa = PBXBuildFile; fileRef = 1D3623250D0F684500981E51 /* EasyTableAppDelegate.m */; };
		1D60589B0D05DD56006BFB54 /* main.m in Sources */ = {isa = PBXBuildFile; fileRef = 29B97316FDCFA39411CA2CEA /* main.m */; };
		1D60589F0D05DD5A006BFB54 /* Foundation.framework in Frameworks */ = {isa = PBXBuildFile; fileRef = 1D30AB110D05D00D00671497 /* Foundation.framework */; };
		1DF5F4E00D08C38300B7A737 /* UIKit.framework in Frameworks */ = {isa = PBXBuildFile; fileRef = 1DF5F4DF0D08C38300B7A737 /* UIKit.framework */; };
		288765A50DF7441C002DB57D /* CoreGraphics.framework in Frameworks */ = {isa = PBXBuildFile; fileRef = 288765A40DF7441C002DB57D /* CoreGraphics.framework */; };
		28AD733F0D9D9553002E5188 /* MainWindow.xib in Resources */ = {isa = PBXBuildFile; fileRef = 28AD733E0D9D9553002E5188 /* MainWindow.xib */; };
		5BAB2C5411BA3B1B00C5272F /* MedAppIcon.png in Resources */ = {isa = PBXBuildFile; fileRef = 5BAB2C5211BA3B1B00C5272F /* MedAppIcon.png */; };
		5BAB2C5511BA3B1B00C5272F /* SmallAppIcon.png in Resources */ = {isa = PBXBuildFile; fileRef = 5BAB2C5311BA3B1B00C5272F /* SmallAppIcon.png */; };
		5BE1B60414D7C61D00A1F8F5 /* FlipsideViewController.m in Sources */ = {isa = PBXBuildFile; fileRef = 5BE1B60314D7C61D00A1F8F5 /* FlipsideViewController.m */; };
		5BE1B60614D7C62F00A1F8F5 /* FlipsideViewController.xib in Resources */ = {isa = PBXBuildFile; fileRef = 5BE1B60514D7C62F00A1F8F5 /* FlipsideViewController.xib */; };
		D53E2A24125FC4DC0032086B /* EasyTableView.m in Sources */ = {isa = PBXBuildFile; fileRef = D53E2A23125FC4DC0032086B /* EasyTableView.m */; };
		DFC3A1591ABA3D2300AF8447 /* 11_sonntag_001.jpg in Resources */ = {isa = PBXBuildFile; fileRef = DFC3A13B1ABA3D2300AF8447 /* 11_sonntag_001.jpg */; };
		DFC3A15A1ABA3D2300AF8447 /* 11_sonntag_002.jpg in Resources */ = {isa = PBXBuildFile; fileRef = DFC3A13C1ABA3D2300AF8447 /* 11_sonntag_002.jpg */; };
		DFC3A15B1ABA3D2300AF8447 /* 11_sonntag_003.jpg in Resources */ = {isa = PBXBuildFile; fileRef = DFC3A13D1ABA3D2300AF8447 /* 11_sonntag_003.jpg */; };
		DFC3A15C1ABA3D2300AF8447 /* 11_sonntag_004.jpg in Resources */ = {isa = PBXBuildFile; fileRef = DFC3A13E1ABA3D2300AF8447 /* 11_sonntag_004.jpg */; };
		DFC3A15D1ABA3D2300AF8447 /* 11_sonntag_005.jpg in Resources */ = {isa = PBXBuildFile; fileRef = DFC3A13F1ABA3D2300AF8447 /* 11_sonntag_005.jpg */; };
		DFC3A15E1ABA3D2300AF8447 /* 11_sonntag_006.jpg in Resources */ = {isa = PBXBuildFile; fileRef = DFC3A1401ABA3D2300AF8447 /* 11_sonntag_006.jpg */; };
		DFC3A15F1ABA3D2300AF8447 /* 11_sonntag_007.jpg in Resources */ = {isa = PBXBuildFile; fileRef = DFC3A1411ABA3D2300AF8447 /* 11_sonntag_007.jpg */; };
		DFC3A1601ABA3D2300AF8447 /* 11_sonntag_008.jpg in Resources */ = {isa = PBXBuildFile; fileRef = DFC3A1421ABA3D2300AF8447 /* 11_sonntag_008.jpg */; };
		DFC3A1611ABA3D2300AF8447 /* 11_sonntag_009.jpg in Resources */ = {isa = PBXBuildFile; fileRef = DFC3A1431ABA3D2300AF8447 /* 11_sonntag_009.jpg */; };
		DFC3A1621ABA3D2300AF8447 /* 11_sonntag_010.jpg in Resources */ = {isa = PBXBuildFile; fileRef = DFC3A1441ABA3D2300AF8447 /* 11_sonntag_010.jpg */; };
		DFC3A1631ABA3D2300AF8447 /* 11_sonntag_011.jpg in Resources */ = {isa = PBXBuildFile; fileRef = DFC3A1451ABA3D2300AF8447 /* 11_sonntag_011.jpg */; };
		DFC3A1641ABA3D2300AF8447 /* 11_sonntag_012.jpg in Resources */ = {isa = PBXBuildFile; fileRef = DFC3A1461ABA3D2300AF8447 /* 11_sonntag_012.jpg */; };
		DFC3A1651ABA3D2300AF8447 /* 11_sonntag_013.jpg in Resources */ = {isa = PBXBuildFile; fileRef = DFC3A1471ABA3D2300AF8447 /* 11_sonntag_013.jpg */; };
		DFC3A1661ABA3D2300AF8447 /* 11_sonntag_014.jpg in Resources */ = {isa = PBXBuildFile; fileRef = DFC3A1481ABA3D2300AF8447 /* 11_sonntag_014.jpg */; };
		DFC3A1671ABA3D2300AF8447 /* 11_sonntag_015.jpg in Resources */ = {isa = PBXBuildFile; fileRef = DFC3A1491ABA3D2300AF8447 /* 11_sonntag_015.jpg */; };
		DFC3A1681ABA3D2300AF8447 /* 11_sonntag_016.jpg in Resources */ = {isa = PBXBuildFile; fileRef = DFC3A14A1ABA3D2300AF8447 /* 11_sonntag_016.jpg */; };
		DFC3A1691ABA3D2300AF8447 /* 11_sonntag_017.jpg in Resources */ = {isa = PBXBuildFile; fileRef = DFC3A14B1ABA3D2300AF8447 /* 11_sonntag_017.jpg */; };
		DFC3A16A1ABA3D2300AF8447 /* 11_sonntag_018.jpg in Resources */ = {isa = PBXBuildFile; fileRef = DFC3A14C1ABA3D2300AF8447 /* 11_sonntag_018.jpg */; };
		DFC3A16B1ABA3D2300AF8447 /* 11_sonntag_019.jpg in Resources */ = {isa = PBXBuildFile; fileRef = DFC3A14D1ABA3D2300AF8447 /* 11_sonntag_019.jpg */; };
		DFC3A16C1ABA3D2300AF8447 /* 11_sonntag_020.jpg in Resources */ = {isa = PBXBuildFile; fileRef = DFC3A14E1ABA3D2300AF8447 /* 11_sonntag_020.jpg */; };
		DFC3A16D1ABA3D2300AF8447 /* 11_sonntag_021.jpg in Resources */ = {isa = PBXBuildFile; fileRef = DFC3A14F1ABA3D2300AF8447 /* 11_sonntag_021.jpg */; };
		DFC3A16E1ABA3D2300AF8447 /* 11_sonntag_022.jpg in Resources */ = {isa = PBXBuildFile; fileRef = DFC3A1501ABA3D2300AF8447 /* 11_sonntag_022.jpg */; };
		DFC3A16F1ABA3D2300AF8447 /* 11_sonntag_023.jpg in Resources */ = {isa = PBXBuildFile; fileRef = DFC3A1511ABA3D2300AF8447 /* 11_sonntag_023.jpg */; };
		DFC3A1701ABA3D2300AF8447 /* 11_sonntag_024.jpg in Resources */ = {isa = PBXBuildFile; fileRef = DFC3A1521ABA3D2300AF8447 /* 11_sonntag_024.jpg */; };
		DFC3A1711ABA3D2300AF8447 /* 11_sonntag_025.jpg in Resources */ = {isa = PBXBuildFile; fileRef = DFC3A1531ABA3D2300AF8447 /* 11_sonntag_025.jpg */; };
		DFC3A1721ABA3D2300AF8447 /* 11_sonntag_026.jpg in Resources */ = {isa = PBXBuildFile; fileRef = DFC3A1541ABA3D2300AF8447 /* 11_sonntag_026.jpg */; };
		DFC3A1731ABA3D2300AF8447 /* 11_sonntag_027.jpg in Resources */ = {isa = PBXBuildFile; fileRef = DFC3A1551ABA3D2300AF8447 /* 11_sonntag_027.jpg */; };
		DFC3A1741ABA3D2300AF8447 /* 11_sonntag_028.jpg in Resources */ = {isa = PBXBuildFile; fileRef = DFC3A1561ABA3D2300AF8447 /* 11_sonntag_028.jpg */; };
		DFC3A1751ABA3D2300AF8447 /* 11_sonntag_029.jpg in Resources */ = {isa = PBXBuildFile; fileRef = DFC3A1571ABA3D2300AF8447 /* 11_sonntag_029.jpg */; };
		DFC3A1761ABA3D2300AF8447 /* 11_sonntag_030.jpg in Resources */ = {isa = PBXBuildFile; fileRef = DFC3A1581ABA3D2300AF8447 /* 11_sonntag_030.jpg */; };
		DFC3A1791ABA3D6800AF8447 /* PAImageScrollView.m in Sources */ = {isa = PBXBuildFile; fileRef = DFC3A1781ABA3D6800AF8447 /* PAImageScrollView.m */; };
/* End PBXBuildFile section */

/* Begin PBXFileReference section */
		1D30AB110D05D00D00671497 /* Foundation.framework */ = {isa = PBXFileReference; lastKnownFileType = wrapper.framework; name = Foundation.framework; path = System/Library/Frameworks/Foundation.framework; sourceTree = SDKROOT; };
		1D3623240D0F684500981E51 /* EasyTableAppDelegate.h */ = {isa = PBXFileReference; fileEncoding = 4; lastKnownFileType = sourcecode.c.h; path = EasyTableAppDelegate.h; sourceTree = "<group>"; };
		1D3623250D0F684500981E51 /* EasyTableAppDelegate.m */ = {isa = PBXFileReference; fileEncoding = 4; lastKnownFileType = sourcecode.c.objc; path = EasyTableAppDelegate.m; sourceTree = "<group>"; };
		1D6058910D05DD3D006BFB54 /* EasyTableView.app */ = {isa = PBXFileReference; explicitFileType = wrapper.application; includeInIndex = 0; path = EasyTableView.app; sourceTree = BUILT_PRODUCTS_DIR; };
		1DF5F4DF0D08C38300B7A737 /* UIKit.framework */ = {isa = PBXFileReference; lastKnownFileType = wrapper.framework; name = UIKit.framework; path = System/Library/Frameworks/UIKit.framework; sourceTree = SDKROOT; };
		288765A40DF7441C002DB57D /* CoreGraphics.framework */ = {isa = PBXFileReference; lastKnownFileType = wrapper.framework; name = CoreGraphics.framework; path = System/Library/Frameworks/CoreGraphics.framework; sourceTree = SDKROOT; };
		28AD733E0D9D9553002E5188 /* MainWindow.xib */ = {isa = PBXFileReference; lastKnownFileType = file.xib; path = MainWindow.xib; sourceTree = "<group>"; };
		29B97316FDCFA39411CA2CEA /* main.m */ = {isa = PBXFileReference; fileEncoding = 4; lastKnownFileType = sourcecode.c.objc; path = main.m; sourceTree = "<group>"; };
		32CA4F630368D1EE00C91783 /* EasyTableView_Prefix.pch */ = {isa = PBXFileReference; fileEncoding = 4; lastKnownFileType = sourcecode.c.h; path = EasyTableView_Prefix.pch; sourceTree = "<group>"; };
		5B2CD3CB11BAA38F0072948D /* AppIcon.pxm */ = {isa = PBXFileReference; lastKnownFileType = file; path = AppIcon.pxm; sourceTree = "<group>"; };
		5BAB2C5211BA3B1B00C5272F /* MedAppIcon.png */ = {isa = PBXFileReference; lastKnownFileType = image.png; path = MedAppIcon.png; sourceTree = "<group>"; };
		5BAB2C5311BA3B1B00C5272F /* SmallAppIcon.png */ = {isa = PBXFileReference; lastKnownFileType = image.png; path = SmallAppIcon.png; sourceTree = "<group>"; };
		5BE1B60214D7C61D00A1F8F5 /* FlipsideViewController.h */ = {isa = PBXFileReference; fileEncoding = 4; lastKnownFileType = sourcecode.c.h; path = FlipsideViewController.h; sourceTree = "<group>"; };
		5BE1B60314D7C61D00A1F8F5 /* FlipsideViewController.m */ = {isa = PBXFileReference; fileEncoding = 4; lastKnownFileType = sourcecode.c.objc; path = FlipsideViewController.m; sourceTree = "<group>"; };
		5BE1B60514D7C62F00A1F8F5 /* FlipsideViewController.xib */ = {isa = PBXFileReference; fileEncoding = 4; lastKnownFileType = file.xib; path = FlipsideViewController.xib; sourceTree = "<group>"; };
		8D1107310486CEB800E47090 /* EasyTableView-Info.plist */ = {isa = PBXFileReference; fileEncoding = 4; lastKnownFileType = text.plist.xml; path = "EasyTableView-Info.plist"; plistStructureDefinitionIdentifier = "com.apple.xcode.plist.structure-definition.iphone.info-plist"; sourceTree = "<group>"; };
		D53E2A22125FC4DC0032086B /* EasyTableView.h */ = {isa = PBXFileReference; fileEncoding = 4; lastKnownFileType = sourcecode.c.h; path = EasyTableView.h; sourceTree = "<group>"; };
		D53E2A23125FC4DC0032086B /* EasyTableView.m */ = {isa = PBXFileReference; fileEncoding = 4; lastKnownFileType = sourcecode.c.objc; path = EasyTableView.m; sourceTree = "<group>"; };
		DFC3A13B1ABA3D2300AF8447 /* 11_sonntag_001.jpg */ = {isa = PBXFileReference; lastKnownFileType = image.jpeg; name = 11_sonntag_001.jpg; path = Images/11_sonntag_001.jpg; sourceTree = "<group>"; };
		DFC3A13C1ABA3D2300AF8447 /* 11_sonntag_002.jpg */ = {isa = PBXFileReference; lastKnownFileType = image.jpeg; name = 11_sonntag_002.jpg; path = Images/11_sonntag_002.jpg; sourceTree = "<group>"; };
		DFC3A13D1ABA3D2300AF8447 /* 11_sonntag_003.jpg */ = {isa = PBXFileReference; lastKnownFileType = image.jpeg; name = 11_sonntag_003.jpg; path = Images/11_sonntag_003.jpg; sourceTree = "<group>"; };
		DFC3A13E1ABA3D2300AF8447 /* 11_sonntag_004.jpg */ = {isa = PBXFileReference; lastKnownFileType = image.jpeg; name = 11_sonntag_004.jpg; path = Images/11_sonntag_004.jpg; sourceTree = "<group>"; };
		DFC3A13F1ABA3D2300AF8447 /* 11_sonntag_005.jpg */ = {isa = PBXFileReference; lastKnownFileType = image.jpeg; name = 11_sonntag_005.jpg; path = Images/11_sonntag_005.jpg; sourceTree = "<group>"; };
		DFC3A1401ABA3D2300AF8447 /* 11_sonntag_006.jpg */ = {isa = PBXFileReference; lastKnownFileType = image.jpeg; name = 11_sonntag_006.jpg; path = Images/11_sonntag_006.jpg; sourceTree = "<group>"; };
		DFC3A1411ABA3D2300AF8447 /* 11_sonntag_007.jpg */ = {isa = PBXFileReference; lastKnownFileType = image.jpeg; name = 11_sonntag_007.jpg; path = Images/11_sonntag_007.jpg; sourceTree = "<group>"; };
		DFC3A1421ABA3D2300AF8447 /* 11_sonntag_008.jpg */ = {isa = PBXFileReference; lastKnownFileType = image.jpeg; name = 11_sonntag_008.jpg; path = Images/11_sonntag_008.jpg; sourceTree = "<group>"; };
		DFC3A1431ABA3D2300AF8447 /* 11_sonntag_009.jpg */ = {isa = PBXFileReference; lastKnownFileType = image.jpeg; name = 11_sonntag_009.jpg; path = Images/11_sonntag_009.jpg; sourceTree = "<group>"; };
		DFC3A1441ABA3D2300AF8447 /* 11_sonntag_010.jpg */ = {isa = PBXFileReference; lastKnownFileType = image.jpeg; name = 11_sonntag_010.jpg; path = Images/11_sonntag_010.jpg; sourceTree = "<group>"; };
		DFC3A1451ABA3D2300AF8447 /* 11_sonntag_011.jpg */ = {isa = PBXFileReference; lastKnownFileType = image.jpeg; name = 11_sonntag_011.jpg; path = Images/11_sonntag_011.jpg; sourceTree = "<group>"; };
		DFC3A1461ABA3D2300AF8447 /* 11_sonntag_012.jpg */ = {isa = PBXFileReference; lastKnownFileType = image.jpeg; name = 11_sonntag_012.jpg; path = Images/11_sonntag_012.jpg; sourceTree = "<group>"; };
		DFC3A1471ABA3D2300AF8447 /* 11_sonntag_013.jpg */ = {isa = PBXFileReference; lastKnownFileType = image.jpeg; name = 11_sonntag_013.jpg; path = Images/11_sonntag_013.jpg; sourceTree = "<group>"; };
		DFC3A1481ABA3D2300AF8447 /* 11_sonntag_014.jpg */ = {isa = PBXFileReference; lastKnownFileType = image.jpeg; name = 11_sonntag_014.jpg; path = Images/11_sonntag_014.jpg; sourceTree = "<group>"; };
		DFC3A1491ABA3D2300AF8447 /* 11_sonntag_015.jpg */ = {isa = PBXFileReference; lastKnownFileType = image.jpeg; name = 11_sonntag_015.jpg; path = Images/11_sonntag_015.jpg; sourceTree = "<group>"; };
		DFC3A14A1ABA3D2300AF8447 /* 11_sonntag_016.jpg */ = {isa = PBXFileReference; lastKnownFileType = image.jpeg; name = 11_sonntag_016.jpg; path = Images/11_sonntag_016.jpg; sourceTree = "<group>"; };
		DFC3A14B1ABA3D2300AF8447 /* 11_sonntag_017.jpg */ = {isa = PBXFileReference; lastKnownFileType = image.jpeg; name = 11_sonntag_017.jpg; path = Images/11_sonntag_017.jpg; sourceTree = "<group>"; };
		DFC3A14C1ABA3D2300AF8447 /* 11_sonntag_018.jpg */ = {isa = PBXFileReference; lastKnownFileType = image.jpeg; name = 11_sonntag_018.jpg; path = Images/11_sonntag_018.jpg; sourceTree = "<group>"; };
		DFC3A14D1ABA3D2300AF8447 /* 11_sonntag_019.jpg */ = {isa = PBXFileReference; lastKnownFileType = image.jpeg; name = 11_sonntag_019.jpg; path = Images/11_sonntag_019.jpg; sourceTree = "<group>"; };
		DFC3A14E1ABA3D2300AF8447 /* 11_sonntag_020.jpg */ = {isa = PBXFileReference; lastKnownFileType = image.jpeg; name = 11_sonntag_020.jpg; path = Images/11_sonntag_020.jpg; sourceTree = "<group>"; };
		DFC3A14F1ABA3D2300AF8447 /* 11_sonntag_021.jpg */ = {isa = PBXFileReference; lastKnownFileType = image.jpeg; name = 11_sonntag_021.jpg; path = Images/11_sonntag_021.jpg; sourceTree = "<group>"; };
		DFC3A1501ABA3D2300AF8447 /* 11_sonntag_022.jpg */ = {isa = PBXFileReference; lastKnownFileType = image.jpeg; name = 11_sonntag_022.jpg; path = Images/11_sonntag_022.jpg; sourceTree = "<group>"; };
		DFC3A1511ABA3D2300AF8447 /* 11_sonntag_023.jpg */ = {isa = PBXFileReference; lastKnownFileType = image.jpeg; name = 11_sonntag_023.jpg; path = Images/11_sonntag_023.jpg; sourceTree = "<group>"; };
		DFC3A1521ABA3D2300AF8447 /* 11_sonntag_024.jpg */ = {isa = PBXFileReference; lastKnownFileType = image.jpeg; name = 11_sonntag_024.jpg; path = Images/11_sonntag_024.jpg; sourceTree = "<group>"; };
		DFC3A1531ABA3D2300AF8447 /* 11_sonntag_025.jpg */ = {isa = PBXFileReference; lastKnownFileType = image.jpeg; name = 11_sonntag_025.jpg; path = Images/11_sonntag_025.jpg; sourceTree = "<group>"; };
		DFC3A1541ABA3D2300AF8447 /* 11_sonntag_026.jpg */ = {isa = PBXFileReference; lastKnownFileType = image.jpeg; name = 11_sonntag_026.jpg; path = Images/11_sonntag_026.jpg; sourceTree = "<group>"; };
		DFC3A1551ABA3D2300AF8447 /* 11_sonntag_027.jpg */ = {isa = PBXFileReference; lastKnownFileType = image.jpeg; name = 11_sonntag_027.jpg; path = Images/11_sonntag_027.jpg; sourceTree = "<group>"; };
		DFC3A1561ABA3D2300AF8447 /* 11_sonntag_028.jpg */ = {isa = PBXFileReference; lastKnownFileType = image.jpeg; name = 11_sonntag_028.jpg; path = Images/11_sonntag_028.jpg; sourceTree = "<group>"; };
		DFC3A1571ABA3D2300AF8447 /* 11_sonntag_029.jpg */ = {isa = PBXFileReference; lastKnownFileType = image.jpeg; name = 11_sonntag_029.jpg; path = Images/11_sonntag_029.jpg; sourceTree = "<group>"; };
		DFC3A1581ABA3D2300AF8447 /* 11_sonntag_030.jpg */ = {isa = PBXFileReference; lastKnownFileType = image.jpeg; name = 11_sonntag_030.jpg; path = Images/11_sonntag_030.jpg; sourceTree = "<group>"; };
		DFC3A1771ABA3D6800AF8447 /* PAImageScrollView.h */ = {isa = PBXFileReference; fileEncoding = 4; lastKnownFileType = sourcecode.c.h; path = PAImageScrollView.h; sourceTree = "<group>"; };
		DFC3A1781ABA3D6800AF8447 /* PAImageScrollView.m */ = {isa = PBXFileReference; fileEncoding = 4; lastKnownFileType = sourcecode.c.objc; path = PAImageScrollView.m; sourceTree = "<group>"; };
/* End PBXFileReference section */

/* Begin PBXFrameworksBuildPhase section */
		1D60588F0D05DD3D006BFB54 /* Frameworks */ = {
			isa = PBXFrameworksBuildPhase;
			buildActionMask = 2147483647;
			files = (
				1D60589F0D05DD5A006BFB54 /* Foundation.framework in Frameworks */,
				1DF5F4E00D08C38300B7A737 /* UIKit.framework in Frameworks */,
				288765A50DF7441C002DB57D /* CoreGraphics.framework in Frameworks */,
			);
			runOnlyForDeploymentPostprocessing = 0;
		};
/* End PBXFrameworksBuildPhase section */

/* Begin PBXGroup section */
		080E96DDFE201D6D7F000001 /* Classes */ = {
			isa = PBXGroup;
			children = (
				D53E2A22125FC4DC0032086B /* EasyTableView.h */,
				D53E2A23125FC4DC0032086B /* EasyTableView.m */,
				1D3623240D0F684500981E51 /* EasyTableAppDelegate.h */,
				1D3623250D0F684500981E51 /* EasyTableAppDelegate.m */,
				5BE1B60214D7C61D00A1F8F5 /* FlipsideViewController.h */,
				5BE1B60314D7C61D00A1F8F5 /* FlipsideViewController.m */,
				DFC3A1771ABA3D6800AF8447 /* PAImageScrollView.h */,
				DFC3A1781ABA3D6800AF8447 /* PAImageScrollView.m */,
			);
			path = Classes;
			sourceTree = "<group>";
		};
		19C28FACFE9D520D11CA2CBB /* Products */ = {
			isa = PBXGroup;
			children = (
				1D6058910D05DD3D006BFB54 /* EasyTableView.app */,
			);
			name = Products;
			sourceTree = "<group>";
		};
		29B97314FDCFA39411CA2CEA /* CustomTemplate */ = {
			isa = PBXGroup;
			children = (
				DFC3A13A1ABA3CFF00AF8447 /* Images */,
				080E96DDFE201D6D7F000001 /* Classes */,
				29B97315FDCFA39411CA2CEA /* Other Sources */,
				29B97317FDCFA39411CA2CEA /* Resources */,
				29B97323FDCFA39411CA2CEA /* Frameworks */,
				5B2CD3CA11BAA37D0072948D /* Other */,
				19C28FACFE9D520D11CA2CBB /* Products */,
			);
			name = CustomTemplate;
			sourceTree = "<group>";
		};
		29B97315FDCFA39411CA2CEA /* Other Sources */ = {
			isa = PBXGroup;
			children = (
				32CA4F630368D1EE00C91783 /* EasyTableView_Prefix.pch */,
				29B97316FDCFA39411CA2CEA /* main.m */,
			);
			name = "Other Sources";
			sourceTree = "<group>";
		};
		29B97317FDCFA39411CA2CEA /* Resources */ = {
			isa = PBXGroup;
			children = (
				5BE1B60514D7C62F00A1F8F5 /* FlipsideViewController.xib */,
				28AD733E0D9D9553002E5188 /* MainWindow.xib */,
				8D1107310486CEB800E47090 /* EasyTableView-Info.plist */,
				5BAB2C5211BA3B1B00C5272F /* MedAppIcon.png */,
				5BAB2C5311BA3B1B00C5272F /* SmallAppIcon.png */,
			);
			name = Resources;
			sourceTree = "<group>";
		};
		29B97323FDCFA39411CA2CEA /* Frameworks */ = {
			isa = PBXGroup;
			children = (
				1DF5F4DF0D08C38300B7A737 /* UIKit.framework */,
				1D30AB110D05D00D00671497 /* Foundation.framework */,
				288765A40DF7441C002DB57D /* CoreGraphics.framework */,
			);
			name = Frameworks;
			sourceTree = "<group>";
		};
		5B2CD3CA11BAA37D0072948D /* Other */ = {
			isa = PBXGroup;
			children = (
				5B2CD3CB11BAA38F0072948D /* AppIcon.pxm */,
			);
			name = Other;
			sourceTree = "<group>";
		};
		DFC3A13A1ABA3CFF00AF8447 /* Images */ = {
			isa = PBXGroup;
			children = (
				DFC3A13B1ABA3D2300AF8447 /* 11_sonntag_001.jpg */,
				DFC3A13C1ABA3D2300AF8447 /* 11_sonntag_002.jpg */,
				DFC3A13D1ABA3D2300AF8447 /* 11_sonntag_003.jpg */,
				DFC3A13E1ABA3D2300AF8447 /* 11_sonntag_004.jpg */,
				DFC3A13F1ABA3D2300AF8447 /* 11_sonntag_005.jpg */,
				DFC3A1401ABA3D2300AF8447 /* 11_sonntag_006.jpg */,
				DFC3A1411ABA3D2300AF8447 /* 11_sonntag_007.jpg */,
				DFC3A1421ABA3D2300AF8447 /* 11_sonntag_008.jpg */,
				DFC3A1431ABA3D2300AF8447 /* 11_sonntag_009.jpg */,
				DFC3A1441ABA3D2300AF8447 /* 11_sonntag_010.jpg */,
				DFC3A1451ABA3D2300AF8447 /* 11_sonntag_011.jpg */,
				DFC3A1461ABA3D2300AF8447 /* 11_sonntag_012.jpg */,
				DFC3A1471ABA3D2300AF8447 /* 11_sonntag_013.jpg */,
				DFC3A1481ABA3D2300AF8447 /* 11_sonntag_014.jpg */,
				DFC3A1491ABA3D2300AF8447 /* 11_sonntag_015.jpg */,
				DFC3A14A1ABA3D2300AF8447 /* 11_sonntag_016.jpg */,
				DFC3A14B1ABA3D2300AF8447 /* 11_sonntag_017.jpg */,
				DFC3A14C1ABA3D2300AF8447 /* 11_sonntag_018.jpg */,
				DFC3A14D1ABA3D2300AF8447 /* 11_sonntag_019.jpg */,
				DFC3A14E1ABA3D2300AF8447 /* 11_sonntag_020.jpg */,
				DFC3A14F1ABA3D2300AF8447 /* 11_sonntag_021.jpg */,
				DFC3A1501ABA3D2300AF8447 /* 11_sonntag_022.jpg */,
				DFC3A1511ABA3D2300AF8447 /* 11_sonntag_023.jpg */,
				DFC3A1521ABA3D2300AF8447 /* 11_sonntag_024.jpg */,
				DFC3A1531ABA3D2300AF8447 /* 11_sonntag_025.jpg */,
				DFC3A1541ABA3D2300AF8447 /* 11_sonntag_026.jpg */,
				DFC3A1551ABA3D2300AF8447 /* 11_sonntag_027.jpg */,
				DFC3A1561ABA3D2300AF8447 /* 11_sonntag_028.jpg */,
				DFC3A1571ABA3D2300AF8447 /* 11_sonntag_029.jpg */,
				DFC3A1581ABA3D2300AF8447 /* 11_sonntag_030.jpg */,
			);
			name = Images;
			sourceTree = "<group>";
		};
/* End PBXGroup section */

/* Begin PBXNativeTarget section */
		1D6058900D05DD3D006BFB54 /* EasyTableView */ = {
			isa = PBXNativeTarget;
			buildConfigurationList = 1D6058960D05DD3E006BFB54 /* Build configuration list for PBXNativeTarget "EasyTableView" */;
			buildPhases = (
				1D60588D0D05DD3D006BFB54 /* Resources */,
				1D60588E0D05DD3D006BFB54 /* Sources */,
				1D60588F0D05DD3D006BFB54 /* Frameworks */,
			);
			buildRules = (
			);
			dependencies = (
			);
			name = EasyTableView;
			productName = EasyTable;
			productReference = 1D6058910D05DD3D006BFB54 /* EasyTableView.app */;
			productType = "com.apple.product-type.application";
		};
/* End PBXNativeTarget section */

/* Begin PBXProject section */
		29B97313FDCFA39411CA2CEA /* Project object */ = {
			isa = PBXProject;
			attributes = {
				LastUpgradeCheck = 0450;
			};
			buildConfigurationList = C01FCF4E08A954540054247B /* Build configuration list for PBXProject "EasyTableView" */;
			compatibilityVersion = "Xcode 3.2";
			developmentRegion = English;
			hasScannedForEncodings = 1;
			knownRegions = (
				English,
				Japanese,
				French,
				German,
			);
			mainGroup = 29B97314FDCFA39411CA2CEA /* CustomTemplate */;
			projectDirPath = "";
			projectRoot = "";
			targets = (
				1D6058900D05DD3D006BFB54 /* EasyTableView */,
			);
		};
/* End PBXProject section */

/* Begin PBXResourcesBuildPhase section */
		1D60588D0D05DD3D006BFB54 /* Resources */ = {
			isa = PBXResourcesBuildPhase;
			buildActionMask = 2147483647;
			files = (
				28AD733F0D9D9553002E5188 /* MainWindow.xib in Resources */,
				5BAB2C5411BA3B1B00C5272F /* MedAppIcon.png in Resources */,
				DFC3A1611ABA3D2300AF8447 /* 11_sonntag_009.jpg in Resources */,
				DFC3A15D1ABA3D2300AF8447 /* 11_sonntag_005.jpg in Resources */,
				DFC3A1711ABA3D2300AF8447 /* 11_sonntag_025.jpg in Resources */,
				DFC3A1631ABA3D2300AF8447 /* 11_sonntag_011.jpg in Resources */,
				DFC3A16B1ABA3D2300AF8447 /* 11_sonntag_019.jpg in Resources */,
				DFC3A15B1ABA3D2300AF8447 /* 11_sonntag_003.jpg in Resources */,
				DFC3A1651ABA3D2300AF8447 /* 11_sonntag_013.jpg in Resources */,
				DFC3A1721ABA3D2300AF8447 /* 11_sonntag_026.jpg in Resources */,
				5BAB2C5511BA3B1B00C5272F /* SmallAppIcon.png in Resources */,
				DFC3A15F1ABA3D2300AF8447 /* 11_sonntag_007.jpg in Resources */,
				5BE1B60614D7C62F00A1F8F5 /* FlipsideViewController.xib in Resources */,
				DFC3A16A1ABA3D2300AF8447 /* 11_sonntag_018.jpg in Resources */,
				DFC3A1691ABA3D2300AF8447 /* 11_sonntag_017.jpg in Resources */,
				DFC3A1751ABA3D2300AF8447 /* 11_sonntag_029.jpg in Resources */,
				DFC3A1591ABA3D2300AF8447 /* 11_sonntag_001.jpg in Resources */,
				DFC3A16D1ABA3D2300AF8447 /* 11_sonntag_021.jpg in Resources */,
				DFC3A1761ABA3D2300AF8447 /* 11_sonntag_030.jpg in Resources */,
				DFC3A16E1ABA3D2300AF8447 /* 11_sonntag_022.jpg in Resources */,
				DFC3A15A1ABA3D2300AF8447 /* 11_sonntag_002.jpg in Resources */,
				DFC3A1621ABA3D2300AF8447 /* 11_sonntag_010.jpg in Resources */,
				DFC3A15C1ABA3D2300AF8447 /* 11_sonntag_004.jpg in Resources */,
				DFC3A1741ABA3D2300AF8447 /* 11_sonntag_028.jpg in Resources */,
				DFC3A1731ABA3D2300AF8447 /* 11_sonntag_027.jpg in Resources */,
				DFC3A1681ABA3D2300AF8447 /* 11_sonntag_016.jpg in Resources */,
				DFC3A15E1ABA3D2300AF8447 /* 11_sonntag_006.jpg in Resources */,
				DFC3A16F1ABA3D2300AF8447 /* 11_sonntag_023.jpg in Resources */,
				DFC3A1641ABA3D2300AF8447 /* 11_sonntag_012.jpg in Resources */,
				DFC3A1661ABA3D2300AF8447 /* 11_sonntag_014.jpg in Resources */,
				DFC3A16C1ABA3D2300AF8447 /* 11_sonntag_020.jpg in Resources */,
				DFC3A1701ABA3D2300AF8447 /* 11_sonntag_024.jpg in Resources */,
				DFC3A1671ABA3D2300AF8447 /* 11_sonntag_015.jpg in Resources */,
				DFC3A1601ABA3D2300AF8447 /* 11_sonntag_008.jpg in Resources */,
			);
			runOnlyForDeploymentPostprocessing = 0;
		};
/* End PBXResourcesBuildPhase section */

/* Begin PBXSourcesBuildPhase section */
		1D60588E0D05DD3D006BFB54 /* Sources */ = {
			isa = PBXSourcesBuildPhase;
			buildActionMask = 2147483647;
			files = (
				1D60589B0D05DD56006BFB54 /* main.m in Sources */,
				1D3623260D0F684500981E51 /* EasyTableAppDelegate.m in Sources */,
				D53E2A24125FC4DC0032086B /* EasyTableView.m in Sources */,
				DFC3A1791ABA3D6800AF8447 /* PAImageScrollView.m in Sources */,
				5BE1B60414D7C61D00A1F8F5 /* FlipsideViewController.m in Sources */,
			);
			runOnlyForDeploymentPostprocessing = 0;
		};
/* End PBXSourcesBuildPhase section */

/* Begin XCBuildConfiguration section */
		1D6058940D05DD3E006BFB54 /* Debug */ = {
			isa = XCBuildConfiguration;
			buildSettings = {
				ALWAYS_SEARCH_USER_PATHS = NO;
				CLANG_ENABLE_OBJC_ARC = YES;
				COPY_PHASE_STRIP = NO;
				GCC_DYNAMIC_NO_PIC = NO;
				GCC_OPTIMIZATION_LEVEL = 0;
				GCC_PRECOMPILE_PREFIX_HEADER = YES;
				GCC_PREFIX_HEADER = EasyTableView_Prefix.pch;
				GCC_VERSION = "";
				INFOPLIST_FILE = "EasyTableView-Info.plist";
				IPHONEOS_DEPLOYMENT_TARGET = 5.0;
				PRODUCT_NAME = EasyTableView;
				SDKROOT = iphoneos;
			};
			name = Debug;
		};
		1D6058950D05DD3E006BFB54 /* Release */ = {
			isa = XCBuildConfiguration;
			buildSettings = {
				ALWAYS_SEARCH_USER_PATHS = NO;
				CLANG_ENABLE_OBJC_ARC = YES;
				COPY_PHASE_STRIP = YES;
				GCC_PRECOMPILE_PREFIX_HEADER = YES;
				GCC_PREFIX_HEADER = EasyTableView_Prefix.pch;
				GCC_VERSION = "";
				INFOPLIST_FILE = "EasyTableView-Info.plist";
				IPHONEOS_DEPLOYMENT_TARGET = 5.0;
				PRODUCT_NAME = EasyTableView;
				SDKROOT = iphoneos;
				VALIDATE_PRODUCT = YES;
			};
			name = Release;
		};
		C01FCF4F08A954540054247B /* Debug */ = {
			isa = XCBuildConfiguration;
			buildSettings = {
				ARCHS = "$(ARCHS_UNIVERSAL_IPHONE_OS)";
				"CODE_SIGN_IDENTITY[sdk=iphoneos*]" = "iPhone Developer";
				GCC_C_LANGUAGE_STANDARD = c99;
				GCC_WARN_ABOUT_RETURN_TYPE = YES;
				GCC_WARN_UNUSED_VARIABLE = YES;
				IPHONEOS_DEPLOYMENT_TARGET = 4.0;
				SDKROOT = iphoneos;
				TARGETED_DEVICE_FAMILY = 2;
			};
			name = Debug;
		};
		C01FCF5008A954540054247B /* Release */ = {
			isa = XCBuildConfiguration;
			buildSettings = {
				ARCHS = "$(ARCHS_UNIVERSAL_IPHONE_OS)";
				"CODE_SIGN_IDENTITY[sdk=iphoneos*]" = "iPhone Developer";
				GCC_C_LANGUAGE_STANDARD = c99;
				GCC_WARN_ABOUT_RETURN_TYPE = YES;
				GCC_WARN_UNUSED_VARIABLE = YES;
				IPHONEOS_DEPLOYMENT_TARGET = 4.0;
				OTHER_CFLAGS = "-DNS_BLOCK_ASSERTIONS=1";
				SDKROOT = iphoneos;
				TARGETED_DEVICE_FAMILY = 2;
			};
			name = Release;
		};
/* End XCBuildConfiguration section */

/* Begin XCConfigurationList section */
		1D6058960D05DD3E006BFB54 /* Build configuration list for PBXNativeTarget "EasyTableView" */ = {
			isa = XCConfigurationList;
			buildConfigurations = (
				1D6058940D05DD3E006BFB54 /* Debug */,
				1D6058950D05DD3E006BFB54 /* Release */,
			);
			defaultConfigurationIsVisible = 0;
			defaultConfigurationName = Release;
		};
		C01FCF4E08A954540054247B /* Build configuration list for PBXProject "EasyTableView" */ = {
			isa = XCConfigurationList;
			buildConfigurations = (
				C01FCF4F08A954540054247B /* Debug */,
				C01FCF5008A954540054247B /* Release */,
			);
			defaultConfigurationIsVisible = 0;
			defaultConfigurationName = Release;
		};
/* End XCConfigurationList section */
	};
	rootObject = 29B97313FDCFA39411CA2CEA /* Project object */;
}
